<?xml version="1.0" encoding="utf-8"?>
<Project ToolsVersion="4.0" xmlns="http://schemas.microsoft.com/developer/msbuild/2003">
  <ItemGroup>
    <Filter Include="Source Files">
      <UniqueIdentifier>{4FC737F1-C7A5-4376-A066-2A32D752A2FF}</UniqueIdentifier>
      <Extensions>cpp;c;cc;cxx;def;odl;idl;hpj;bat;asm;asmx</Extensions>
    </Filter>
    <Filter Include="Header Files">
      <UniqueIdentifier>{93995380-89BD-4b04-88EB-625FBE52EBFB}</UniqueIdentifier>
      <Extensions>h;hh;hpp;hxx;hm;inl;inc;xsd</Extensions>
    </Filter>
    <Filter Include="Resource Files">
      <UniqueIdentifier>{67DA6AB6-F800-4c08-8B7A-83BB121AAD01}</UniqueIdentifier>
      <Extensions>rc;ico;cur;bmp;dlg;rc2;rct;bin;rgs;gif;jpg;jpeg;jpe;resx;tiff;tif;png;wav;mfcribbon-ms</Extensions>
    </Filter>
    <Filter Include="Source Files\graphic">
      <UniqueIdentifier>{9e8dd3b7-3644-4a3a-ab75-a82221034ec6}</UniqueIdentifier>
    </Filter>
    <Filter Include="Header Files\graphic">
      <UniqueIdentifier>{c6fe6fe3-0025-4bfd-ac7d-06c2e446b3c1}</UniqueIdentifier>
    </Filter>
    <Filter Include="Source Files\math">
      <UniqueIdentifier>{d9236331-9c92-48bf-be11-c5a2ced7a4a8}</UniqueIdentifier>
    </Filter>
    <Filter Include="Header Files\math">
      <UniqueIdentifier>{ebaec52b-6f52-420e-86ac-eb45044bb615}</UniqueIdentifier>
    </Filter>
    <Filter Include="Source Files\system">
      <UniqueIdentifier>{84305fd5-4969-40d5-8682-06de2db7d7e8}</UniqueIdentifier>
    </Filter>
    <Filter Include="Header Files\system">
      <UniqueIdentifier>{3c8b5b62-217f-44f5-baa7-38a5c873b727}</UniqueIdentifier>
    </Filter>
    <Filter Include="Resource Files\shader">
      <UniqueIdentifier>{4f8e3d9f-630b-450b-8cd7-ba214e9db5f3}</UniqueIdentifier>
    </Filter>
  </ItemGroup>
  <ItemGroup>
    <ClCompile Include="Source.cpp">
      <Filter>Source Files</Filter>
    </ClCompile>
    <ClCompile Include="Game.cpp">
      <Filter>Source Files</Filter>
    </ClCompile>
    <ClCompile Include="graphic\VertexBuffer.cpp">
      <Filter>Source Files\graphic</Filter>
    </ClCompile>
    <ClCompile Include="graphic\Sprite.cpp">
      <Filter>Source Files\graphic</Filter>
    </ClCompile>
    <ClCompile Include="graphic\Shader.cpp">
      <Filter>Source Files\graphic</Filter>
    </ClCompile>
    <ClCompile Include="graphic\Renderer2D.cpp">
      <Filter>Source Files\graphic</Filter>
    </ClCompile>
    <ClCompile Include="graphic\IndexBuffer.cpp">
      <Filter>Source Files\graphic</Filter>
    </ClCompile>
    <ClCompile Include="math\float2.cpp">
      <Filter>Source Files\math</Filter>
    </ClCompile>
    <ClCompile Include="math\float3.cpp">
      <Filter>Source Files\math</Filter>
    </ClCompile>
    <ClCompile Include="math\float4.cpp">
      <Filter>Source Files\math</Filter>
    </ClCompile>
    <ClCompile Include="core\RenderingAPI.cpp">
      <Filter>Source Files\system</Filter>
    </ClCompile>
    <ClCompile Include="core\Window.cpp">
      <Filter>Source Files\system</Filter>
    </ClCompile>
    <ClCompile Include="dependecies\DDSTextureLoader\DDSTextureLoader.cpp">
      <Filter>Source Files</Filter>
    </ClCompile>
    <ClCompile Include="graphic\Texture.cpp">
      <Filter>Source Files\graphic</Filter>
    </ClCompile>
  </ItemGroup>
  <ItemGroup>
    <ClInclude Include="Game.h">
      <Filter>Header Files</Filter>
    </ClInclude>
    <ClInclude Include="graphic\VertexBuffer.h">
      <Filter>Header Files\graphic</Filter>
    </ClInclude>
    <ClInclude Include="graphic\IndexBuffer.h">
      <Filter>Header Files\graphic</Filter>
    </ClInclude>
    <ClInclude Include="graphic\Renderer2D.h">
      <Filter>Header Files\graphic</Filter>
    </ClInclude>
    <ClInclude Include="graphic\Sprite.h">
      <Filter>Header Files\graphic</Filter>
    </ClInclude>
    <ClInclude Include="graphic\Shader.h">
      <Filter>Header Files\graphic</Filter>
    </ClInclude>
    <ClInclude Include="math\float4.h">
      <Filter>Header Files\math</Filter>
    </ClInclude>
    <ClInclude Include="math\float3.h">
      <Filter>Header Files\math</Filter>
    </ClInclude>
    <ClInclude Include="math\float2.h">
      <Filter>Header Files\math</Filter>
    </ClInclude>
    <ClInclude Include="math\math.h">
      <Filter>Header Files\math</Filter>
    </ClInclude>
    <ClInclude Include="graphic\graphic.h">
      <Filter>Header Files\graphic</Filter>
    </ClInclude>
    <ClInclude Include="core\core.h">
      <Filter>Header Files\system</Filter>
    </ClInclude>
    <ClInclude Include="core\RenderingAPI.h">
      <Filter>Header Files\system</Filter>
    </ClInclude>
    <ClInclude Include="core\Window.h">
      <Filter>Header Files\system</Filter>
    </ClInclude>
    <ClInclude Include="dependecies\DDSTextureLoader\DDSTextureLoader.h">
      <Filter>Header Files</Filter>
    </ClInclude>
    <ClInclude Include="graphic\Texture.h">
      <Filter>Header Files\graphic</Filter>
    </ClInclude>
  </ItemGroup>
  <ItemGroup>
    <FxCompile Include="shader\defaultPixelShader.hlsl">
      <Filter>Resource Files\shader</Filter>
    </FxCompile>
    <FxCompile Include="shader\defaultVertexShader.hlsl">
      <Filter>Resource Files\shader</Filter>
    </FxCompile>
  </ItemGroup>
  <ItemGroup>
    <None Include="defaultVertexShader.cso" />
    <None Include="defaultPixelShader.cso" />
  </ItemGroup>
</Project>